// !$*UTF8*$!
{
	archiveVersion = 1;
	classes = {
	};
	objectVersion = 46;
	objects = {

/* Begin PBXBuildFile section */
		C0CE230A1DFB5256009703FD /* AppDelegate.swift in Sources */ = {isa = PBXBuildFile; fileRef = C0CE23091DFB5256009703FD /* AppDelegate.swift */; };
		C0CE230C1DFB5256009703FD /* ViewController.swift in Sources */ = {isa = PBXBuildFile; fileRef = C0CE230B1DFB5256009703FD /* ViewController.swift */; };
		C0CE230F1DFB5256009703FD /* Main.storyboard in Resources */ = {isa = PBXBuildFile; fileRef = C0CE230D1DFB5256009703FD /* Main.storyboard */; };
		C0CE23111DFB5256009703FD /* Assets.xcassets in Resources */ = {isa = PBXBuildFile; fileRef = C0CE23101DFB5256009703FD /* Assets.xcassets */; };
		C0CE23141DFB5256009703FD /* LaunchScreen.storyboard in Resources */ = {isa = PBXBuildFile; fileRef = C0CE23121DFB5256009703FD /* LaunchScreen.storyboard */; };
		C0CE231C1DFB5689009703FD /* pokemon.csv in Resources */ = {isa = PBXBuildFile; fileRef = C0CE231B1DFB5689009703FD /* pokemon.csv */; };
		C0CE23211DFB5837009703FD /* Pokemon.swift in Sources */ = {isa = PBXBuildFile; fileRef = C0CE23201DFB5837009703FD /* Pokemon.swift */; };
		C0CE23241DFB6397009703FD /* PokeCell.swift in Sources */ = {isa = PBXBuildFile; fileRef = C0CE23231DFB6397009703FD /* PokeCell.swift */; };
		C0CE23261DFB7131009703FD /* csv.swift in Sources */ = {isa = PBXBuildFile; fileRef = C0CE23251DFB7131009703FD /* csv.swift */; };
		C0CE23281DFB7E48009703FD /* Pokemon.ttf in Resources */ = {isa = PBXBuildFile; fileRef = C0CE23271DFB7E48009703FD /* Pokemon.ttf */; };
		C0CE232F1DFB8246009703FD /* music.mp3 in Resources */ = {isa = PBXBuildFile; fileRef = C0CE232E1DFB8246009703FD /* music.mp3 */; };
		C0CE23311DFB8357009703FD /* musicicon.jpg in Resources */ = {isa = PBXBuildFile; fileRef = C0CE23301DFB8357009703FD /* musicicon.jpg */; };
/* End PBXBuildFile section */

/* Begin PBXFileReference section */
		C0CE23061DFB5256009703FD /* pokedictionay.app */ = {isa = PBXFileReference; explicitFileType = wrapper.application; includeInIndex = 0; path = pokedictionay.app; sourceTree = BUILT_PRODUCTS_DIR; };
		C0CE23091DFB5256009703FD /* AppDelegate.swift */ = {isa = PBXFileReference; lastKnownFileType = sourcecode.swift; path = AppDelegate.swift; sourceTree = "<group>"; };
		C0CE230B1DFB5256009703FD /* ViewController.swift */ = {isa = PBXFileReference; lastKnownFileType = sourcecode.swift; name = ViewController.swift; path = pokedictionay/ViewController.swift; sourceTree = "<group>"; };
		C0CE230E1DFB5256009703FD /* Base */ = {isa = PBXFileReference; lastKnownFileType = file.storyboard; name = Base; path = Base.lproj/Main.storyboard; sourceTree = "<group>"; };
		C0CE23101DFB5256009703FD /* Assets.xcassets */ = {isa = PBXFileReference; lastKnownFileType = folder.assetcatalog; path = Assets.xcassets; sourceTree = "<group>"; };
		C0CE23131DFB5256009703FD /* Base */ = {isa = PBXFileReference; lastKnownFileType = file.storyboard; name = Base; path = Base.lproj/LaunchScreen.storyboard; sourceTree = "<group>"; };
		C0CE23151DFB5256009703FD /* Info.plist */ = {isa = PBXFileReference; lastKnownFileType = text.plist.xml; path = Info.plist; sourceTree = "<group>"; };
		C0CE231B1DFB5689009703FD /* pokemon.csv */ = {isa = PBXFileReference; fileEncoding = 4; lastKnownFileType = text; name = pokemon.csv; path = pokedictionay/pokemon.csv; sourceTree = "<group>"; };
		C0CE23201DFB5837009703FD /* Pokemon.swift */ = {isa = PBXFileReference; fileEncoding = 4; lastKnownFileType = sourcecode.swift; path = Pokemon.swift; sourceTree = "<group>"; };
		C0CE23231DFB6397009703FD /* PokeCell.swift */ = {isa = PBXFileReference; fileEncoding = 4; lastKnownFileType = sourcecode.swift; path = PokeCell.swift; sourceTree = "<group>"; };
		C0CE23251DFB7131009703FD /* csv.swift */ = {isa = PBXFileReference; fileEncoding = 4; lastKnownFileType = sourcecode.swift; name = csv.swift; path = pokedictionay/csv.swift; sourceTree = "<group>"; };
		C0CE23271DFB7E48009703FD /* Pokemon.ttf */ = {isa = PBXFileReference; lastKnownFileType = file; name = Pokemon.ttf; path = pokedictionay/Pokemon.ttf; sourceTree = "<group>"; };
		C0CE232E1DFB8246009703FD /* music.mp3 */ = {isa = PBXFileReference; lastKnownFileType = audio.mp3; path = music.mp3; sourceTree = "<group>"; };
		C0CE23301DFB8357009703FD /* musicicon.jpg */ = {isa = PBXFileReference; lastKnownFileType = image.jpeg; path = musicicon.jpg; sourceTree = "<group>"; };
/* End PBXFileReference section */

/* Begin PBXFrameworksBuildPhase section */
		C0CE23031DFB5255009703FD /* Frameworks */ = {
			isa = PBXFrameworksBuildPhase;
			buildActionMask = 2147483647;
			files = (
			);
			runOnlyForDeploymentPostprocessing = 0;
		};
/* End PBXFrameworksBuildPhase section */

/* Begin PBXGroup section */
		C0CE22FD1DFB5255009703FD = {
			isa = PBXGroup;
			children = (
				C0CE231D1DFB57F7009703FD /* Model */,
				C0CE23221DFB6377009703FD /* View */,
				C0CE232A1DFB7E7E009703FD /* Controller */,
				C0CE232B1DFB7EBA009703FD /* Util */,
				C0CE23291DFB7E51009703FD /* Resources */,
				C0CE23081DFB5256009703FD /* pokedictionay */,
				C0CE23071DFB5256009703FD /* Products */,
			);
			sourceTree = "<group>";
		};
		C0CE23071DFB5256009703FD /* Products */ = {
			isa = PBXGroup;
			children = (
				C0CE23061DFB5256009703FD /* pokedictionay.app */,
			);
			name = Products;
			sourceTree = "<group>";
		};
		C0CE23081DFB5256009703FD /* pokedictionay */ = {
			isa = PBXGroup;
			children = (
				C0CE23091DFB5256009703FD /* AppDelegate.swift */,
				C0CE230D1DFB5256009703FD /* Main.storyboard */,
				C0CE23101DFB5256009703FD /* Assets.xcassets */,
				C0CE23121DFB5256009703FD /* LaunchScreen.storyboard */,
				C0CE23151DFB5256009703FD /* Info.plist */,
			);
			path = pokedictionay;
			sourceTree = "<group>";
		};
		C0CE231D1DFB57F7009703FD /* Model */ = {
			isa = PBXGroup;
			children = (
				C0CE23201DFB5837009703FD /* Pokemon.swift */,
			);
			name = Model;
			path = pokedictionay;
			sourceTree = "<group>";
		};
		C0CE23221DFB6377009703FD /* View */ = {
			isa = PBXGroup;
			children = (
				C0CE23231DFB6397009703FD /* PokeCell.swift */,
			);
			name = View;
			path = pokedictionay;
			sourceTree = "<group>";
		};
		C0CE23291DFB7E51009703FD /* Resources */ = {
			isa = PBXGroup;
			children = (
				C0CE231B1DFB5689009703FD /* pokemon.csv */,
				C0CE23271DFB7E48009703FD /* Pokemon.ttf */,
				C0CE23301DFB8357009703FD /* musicicon.jpg */,
				C0CE232E1DFB8246009703FD /* music.mp3 */,
			);
			name = Resources;
			sourceTree = "<group>";
		};
		C0CE232A1DFB7E7E009703FD /* Controller */ = {
			isa = PBXGroup;
			children = (
				C0CE230B1DFB5256009703FD /* ViewController.swift */,
			);
			name = Controller;
			sourceTree = "<group>";
		};
		C0CE232B1DFB7EBA009703FD /* Util */ = {
			isa = PBXGroup;
			children = (
				C0CE23251DFB7131009703FD /* csv.swift */,
			);
			name = Util;
			sourceTree = "<group>";
		};
/* End PBXGroup section */

/* Begin PBXNativeTarget section */
		C0CE23051DFB5255009703FD /* pokedictionay */ = {
			isa = PBXNativeTarget;
			buildConfigurationList = C0CE23181DFB5256009703FD /* Build configuration list for PBXNativeTarget "pokedictionay" */;
			buildPhases = (
				C0CE23021DFB5255009703FD /* Sources */,
				C0CE23031DFB5255009703FD /* Frameworks */,
				C0CE23041DFB5255009703FD /* Resources */,
			);
			buildRules = (
			);
			dependencies = (
			);
			name = pokedictionay;
			productName = pokedictionay;
			productReference = C0CE23061DFB5256009703FD /* pokedictionay.app */;
			productType = "com.apple.product-type.application";
		};
/* End PBXNativeTarget section */

/* Begin PBXProject section */
		C0CE22FE1DFB5255009703FD /* Project object */ = {
			isa = PBXProject;
			attributes = {
				LastSwiftUpdateCheck = 0810;
				LastUpgradeCheck = 0810;
				ORGANIZATIONNAME = "ARG Code";
				TargetAttributes = {
					C0CE23051DFB5255009703FD = {
						CreatedOnToolsVersion = 8.1;
						DevelopmentTeam = 97U9E6Z7J3;
						LastSwiftMigration = 0810;
						ProvisioningStyle = Automatic;
					};
				};
			};
			buildConfigurationList = C0CE23011DFB5255009703FD /* Build configuration list for PBXProject "pokedictionay" */;
			compatibilityVersion = "Xcode 3.2";
			developmentRegion = English;
			hasScannedForEncodings = 0;
			knownRegions = (
				en,
				Base,
			);
			mainGroup = C0CE22FD1DFB5255009703FD;
			productRefGroup = C0CE23071DFB5256009703FD /* Products */;
			projectDirPath = "";
			projectRoot = "";
			targets = (
				C0CE23051DFB5255009703FD /* pokedictionay */,
			);
		};
/* End PBXProject section */

/* Begin PBXResourcesBuildPhase section */
		C0CE23041DFB5255009703FD /* Resources */ = {
			isa = PBXResourcesBuildPhase;
			buildActionMask = 2147483647;
			files = (
				C0CE23141DFB5256009703FD /* LaunchScreen.storyboard in Resources */,
				C0CE23111DFB5256009703FD /* Assets.xcassets in Resources */,
				C0CE23281DFB7E48009703FD /* Pokemon.ttf in Resources */,
				C0CE231C1DFB5689009703FD /* pokemon.csv in Resources */,
				C0CE230F1DFB5256009703FD /* Main.storyboard in Resources */,
				C0CE232F1DFB8246009703FD /* music.mp3 in Resources */,
				C0CE23311DFB8357009703FD /* musicicon.jpg in Resources */,
			);
			runOnlyForDeploymentPostprocessing = 0;
		};
/* End PBXResourcesBuildPhase section */

/* Begin PBXSourcesBuildPhase section */
		C0CE23021DFB5255009703FD /* Sources */ = {
			isa = PBXSourcesBuildPhase;
			buildActionMask = 2147483647;
			files = (
				C0CE23241DFB6397009703FD /* PokeCell.swift in Sources */,
				C0CE230C1DFB5256009703FD /* ViewController.swift in Sources */,
				C0CE230A1DFB5256009703FD /* AppDelegate.swift in Sources */,
				C0CE23211DFB5837009703FD /* Pokemon.swift in Sources */,
				C0CE23261DFB7131009703FD /* csv.swift in Sources */,
			);
			runOnlyForDeploymentPostprocessing = 0;
		};
/* End PBXSourcesBuildPhase section */

/* Begin PBXVariantGroup section */
		C0CE230D1DFB5256009703FD /* Main.storyboard */ = {
			isa = PBXVariantGroup;
			children = (
				C0CE230E1DFB5256009703FD /* Base */,
			);
			name = Main.storyboard;
			sourceTree = "<group>";
		};
		C0CE23121DFB5256009703FD /* LaunchScreen.storyboard */ = {
			isa = PBXVariantGroup;
			children = (
				C0CE23131DFB5256009703FD /* Base */,
			);
			name = LaunchScreen.storyboard;
			sourceTree = "<group>";
		};
/* End PBXVariantGroup section */

/* Begin XCBuildConfiguration section */
		C0CE23161DFB5256009703FD /* Debug */ = {
			isa = XCBuildConfiguration;
			buildSettings = {
				ALWAYS_SEARCH_USER_PATHS = NO;
				CLANG_ANALYZER_NONNULL = YES;
				CLANG_CXX_LANGUAGE_STANDARD = "gnu++0x";
				CLANG_CXX_LIBRARY = "libc++";
				CLANG_ENABLE_MODULES = YES;
				CLANG_ENABLE_OBJC_ARC = YES;
				CLANG_WARN_BOOL_CONVERSION = YES;
				CLANG_WARN_CONSTANT_CONVERSION = YES;
				CLANG_WARN_DIRECT_OBJC_ISA_USAGE = YES_ERROR;
				CLANG_WARN_DOCUMENTATION_COMMENTS = YES;
				CLANG_WARN_EMPTY_BODY = YES;
				CLANG_WARN_ENUM_CONVERSION = YES;
				CLANG_WARN_INFINITE_RECURSION = YES;
				CLANG_WARN_INT_CONVERSION = YES;
				CLANG_WARN_OBJC_ROOT_CLASS = YES_ERROR;
				CLANG_WARN_SUSPICIOUS_MOVES = YES;
				CLANG_WARN_UNREACHABLE_CODE = YES;
				CLANG_WARN__DUPLICATE_METHOD_MATCH = YES;
				"CODE_SIGN_IDENTITY[sdk=iphoneos*]" = "iPhone Developer";
				COPY_PHASE_STRIP = NO;
				DEBUG_INFORMATION_FORMAT = dwarf;
				ENABLE_STRICT_OBJC_MSGSEND = YES;
				ENABLE_TESTABILITY = YES;
				GCC_C_LANGUAGE_STANDARD = gnu99;
				GCC_DYNAMIC_NO_PIC = NO;
				GCC_NO_COMMON_BLOCKS = YES;
				GCC_OPTIMIZATION_LEVEL = 0;
				GCC_PREPROCESSOR_DEFINITIONS = (
					"DEBUG=1",
					"$(inherited)",
				);
				GCC_WARN_64_TO_32_BIT_CONVERSION = YES;
				GCC_WARN_ABOUT_RETURN_TYPE = YES_ERROR;
				GCC_WARN_UNDECLARED_SELECTOR = YES;
				GCC_WARN_UNINITIALIZED_AUTOS = YES_AGGRESSIVE;
				GCC_WARN_UNUSED_FUNCTION = YES;
				GCC_WARN_UNUSED_VARIABLE = YES;
				IPHONEOS_DEPLOYMENT_TARGET = 10.1;
				MTL_ENABLE_DEBUG_INFO = YES;
				ONLY_ACTIVE_ARCH = YES;
				SDKROOT = iphoneos;
				SWIFT_ACTIVE_COMPILATION_CONDITIONS = DEBUG;
				SWIFT_OPTIMIZATION_LEVEL = "-Onone";
			};
			name = Debug;
		};
		C0CE23171DFB5256009703FD /* Release */ = {
			isa = XCBuildConfiguration;
			buildSettings = {
				ALWAYS_SEARCH_USER_PATHS = NO;
				CLANG_ANALYZER_NONNULL = YES;
				CLANG_CXX_LANGUAGE_STANDARD = "gnu++0x";
				CLANG_CXX_LIBRARY = "libc++";
				CLANG_ENABLE_MODULES = YES;
				CLANG_ENABLE_OBJC_ARC = YES;
				CLANG_WARN_BOOL_CONVERSION = YES;
				CLANG_WARN_CONSTANT_CONVERSION = YES;
				CLANG_WARN_DIRECT_OBJC_ISA_USAGE = YES_ERROR;
				CLANG_WARN_DOCUMENTATION_COMMENTS = YES;
				CLANG_WARN_EMPTY_BODY = YES;
				CLANG_WARN_ENUM_CONVERSION = YES;
				CLANG_WARN_INFINITE_RECURSION = YES;
				CLANG_WARN_INT_CONVERSION = YES;
				CLANG_WARN_OBJC_ROOT_CLASS = YES_ERROR;
				CLANG_WARN_SUSPICIOUS_MOVES = YES;
				CLANG_WARN_UNREACHABLE_CODE = YES;
				CLANG_WARN__DUPLICATE_METHOD_MATCH = YES;
				"CODE_SIGN_IDENTITY[sdk=iphoneos*]" = "iPhone Developer";
				COPY_PHASE_STRIP = NO;
				DEBUG_INFORMATION_FORMAT = "dwarf-with-dsym";
				ENABLE_NS_ASSERTIONS = NO;
				ENABLE_STRICT_OBJC_MSGSEND = YES;
				GCC_C_LANGUAGE_STANDARD = gnu99;
				GCC_NO_COMMON_BLOCKS = YES;
				GCC_WARN_64_TO_32_BIT_CONVERSION = YES;
				GCC_WARN_ABOUT_RETURN_TYPE = YES_ERROR;
				GCC_WARN_UNDECLARED_SELECTOR = YES;
				GCC_WARN_UNINITIALIZED_AUTOS = YES_AGGRESSIVE;
				GCC_WARN_UNUSED_FUNCTION = YES;
				GCC_WARN_UNUSED_VARIABLE = YES;
				IPHONEOS_DEPLOYMENT_TARGET = 10.1;
				MTL_ENABLE_DEBUG_INFO = NO;
				SDKROOT = iphoneos;
				SWIFT_OPTIMIZATION_LEVEL = "-Owholemodule";
				VALIDATE_PRODUCT = YES;
			};
			name = Release;
		};
		C0CE23191DFB5256009703FD /* Debug */ = {
			isa = XCBuildConfiguration;
			buildSettings = {
				ASSETCATALOG_COMPILER_APPICON_NAME = AppIcon;
				DEVELOPMENT_TEAM = 97U9E6Z7J3;
				INFOPLIST_FILE = pokedictionay/Info.plist;
				LD_RUNPATH_SEARCH_PATHS = "$(inherited) @executable_path/Frameworks";
				PRODUCT_BUNDLE_IDENTIFIER = com.argcode.pokedictionay;
				PRODUCT_NAME = "$(TARGET_NAME)";
				SWIFT_VERSION = 3.0;
			};
			name = Debug;
		};
		C0CE231A1DFB5256009703FD /* Release */ = {
			isa = XCBuildConfiguration;
			buildSettings = {
				ASSETCATALOG_COMPILER_APPICON_NAME = AppIcon;
				DEVELOPMENT_TEAM = 97U9E6Z7J3;
				INFOPLIST_FILE = pokedictionay/Info.plist;
				LD_RUNPATH_SEARCH_PATHS = "$(inherited) @executable_path/Frameworks";
				PRODUCT_BUNDLE_IDENTIFIER = com.argcode.pokedictionay;
				PRODUCT_NAME = "$(TARGET_NAME)";
				SWIFT_VERSION = 3.0;
			};
			name = Release;
		};
/* End XCBuildConfiguration section */

/* Begin XCConfigurationList section */
		C0CE23011DFB5255009703FD /* Build configuration list for PBXProject "pokedictionay" */ = {
			isa = XCConfigurationList;
			buildConfigurations = (
				C0CE23161DFB5256009703FD /* Debug */,
				C0CE23171DFB5256009703FD /* Release */,
			);
			defaultConfigurationIsVisible = 0;
			defaultConfigurationName = Release;
		};
		C0CE23181DFB5256009703FD /* Build configuration list for PBXNativeTarget "pokedictionay" */ = {
			isa = XCConfigurationList;
			buildConfigurations = (
				C0CE23191DFB5256009703FD /* Debug */,
				C0CE231A1DFB5256009703FD /* Release */,
			);
			defaultConfigurationIsVisible = 0;
		};
/* End XCConfigurationList section */
	};
	rootObject = C0CE22FE1DFB5255009703FD /* Project object */;
}
